
Microsoft Visual Studio Solution File, Format Version 12.00
# Visual Studio 2012
Project("{FAE04EC0-301F-11D3-BF4B-00C04F79EFBC}") = "DataCreator", "DataCreator.csproj", "{F5C184C9-203E-4989-9A19-CD94E1CB4C01}"
EndProject
Global
	GlobalSection(SolutionConfigurationPlatforms) = preSolution
		Debug|Any CPU = Debug|Any CPU
		Release|Any CPU = Release|Any CPU
	EndGlobalSection
	GlobalSection(ProjectConfigurationPlatforms) = postSolution
		{F5C184C9-203E-4989-9A19-CD94E1CB4C01}.Debug|Any CPU.ActiveCfg = Debug|Any CPU
		{F5C184C9-203E-4989-9A19-CD94E1CB4C01}.Debug|Any CPU.Build.0 = Debug|Any CPU
		{F5C184C9-203E-4989-9A19-CD94E1CB4C01}.Release|Any CPU.ActiveCfg = Release|Any CPU
		{F5C184C9-203E-4989-9A19-CD94E1CB4C01}.Release|Any CPU.Build.0 = Release|Any CPU
	EndGlobalSection
	GlobalSection(SolutionProperties) = preSolution
		HideSolutionNode = FALSE
	EndGlobalSection
EndGlobal
